{
  "version": "2",
  "remote": {
    "https://deno.land/std@0.156.0/_util/assert.ts": "e94f2eb37cebd7f199952e242c77654e43333c1ac4c5c700e929ea3aa5489f74",
    "https://deno.land/std@0.156.0/bytes/bytes_list.ts": "aba5e2369e77d426b10af1de0dcc4531acecec27f9b9056f4f7bfbf8ac147ab4",
    "https://deno.land/std@0.156.0/bytes/equals.ts": "3c3558c3ae85526f84510aa2b48ab2ad7bdd899e2e0f5b7a8ffc85acb3a6043a",
    "https://deno.land/std@0.156.0/bytes/mod.ts": "763f97d33051cc3f28af1a688dfe2830841192a9fea0cbaa55f927b49d49d0bf",
    "https://deno.land/std@0.156.0/encoding/_yaml/dumper/dumper.ts": "5bd334372608a1aec7a2343705930889d4048f57a2c4d398f1d6d75996ecd0d3",
    "https://deno.land/std@0.156.0/encoding/_yaml/dumper/dumper_state.ts": "3c1bc8519c1832f0f136856881b97f0b42f64b7968767dbc36b8b0b6cae963dc",
    "https://deno.land/std@0.156.0/encoding/_yaml/error.ts": "6ca899f6d86c6979bce6d7c3a6a8e2a360b09d8b0f55d2e649bd1233604fb7c9",
    "https://deno.land/std@0.156.0/encoding/_yaml/loader/loader.ts": "db200890459e9490b21d8ce657d9566327e1d1d20ed493393a1f04a51516436c",
    "https://deno.land/std@0.156.0/encoding/_yaml/loader/loader_state.ts": "59124e56d864274ce4043dca8bf63e937c6e960e4ad120465e424b38f3469b2d",
    "https://deno.land/std@0.156.0/encoding/_yaml/mark.ts": "7f67f43755b2602fefe52012eb3ab627880da97edd0f6c00f916ceb2ddb1b5d1",
    "https://deno.land/std@0.156.0/encoding/_yaml/parse.ts": "8f362dc01401099263d73a4bfa00bc90ea456d202507d62a11dfcfeac74484f5",
    "https://deno.land/std@0.156.0/encoding/_yaml/schema.ts": "db295ea6079fce9c38f4ee2ff1233c65db598b35b379551e445b558534b2e1fd",
    "https://deno.land/std@0.156.0/encoding/_yaml/schema/core.ts": "bcb47a389d596369fbfccf73a6b221ac3ca5440149b4f6df1e707f2efc6854ef",
    "https://deno.land/std@0.156.0/encoding/_yaml/schema/default.ts": "8b6bd9cb1cab07a3397e1cc3843edba6ad40d1bd15687c1f56cd977da834d984",
    "https://deno.land/std@0.156.0/encoding/_yaml/schema/extended.ts": "5e0bfd9a28c7a82ba40fc7ff7890df7469ec85390320349974acbc627ae1be88",
    "https://deno.land/std@0.156.0/encoding/_yaml/schema/failsafe.ts": "7254a9ca0dff8f30377098622812e55c4535aaf352fecb4ec51939e596bd74e7",
    "https://deno.land/std@0.156.0/encoding/_yaml/schema/json.ts": "2205d0d3d3377de56f92ac0f4a82bf561ea0d7b86eb195c9f0c32c7c7871d78f",
    "https://deno.land/std@0.156.0/encoding/_yaml/schema/mod.ts": "6769df6082aceee9849f71168f4353ba4f92e4a2a5a429a422debac13a593d4e",
    "https://deno.land/std@0.156.0/encoding/_yaml/state.ts": "374b8dc170417beccb364e543b25eef73576196f4a526836bb3a621b87a204a3",
    "https://deno.land/std@0.156.0/encoding/_yaml/stringify.ts": "ec15035c1928f96f4e42c0a0e9f3082512e294fd6b8ff6a0403a3ee9282f69aa",
    "https://deno.land/std@0.156.0/encoding/_yaml/type.ts": "95ad0cdbab49343b1527ebc7762c477726c34702438375be6781b44e03e9fcfc",
    "https://deno.land/std@0.156.0/encoding/_yaml/type/binary.ts": "8ae1bdeebe090133b1d1e1ef8427d5ea03f8b6f8944bd2eca578c81330700b0a",
    "https://deno.land/std@0.156.0/encoding/_yaml/type/bool.ts": "95c030531adc3d66a59979dc25c2fcdeb1f58ae40a91d6f9e9a537af0fd2b5a4",
    "https://deno.land/std@0.156.0/encoding/_yaml/type/float.ts": "60e26783fd0e4472bd222e028323ff68e0c5ff37a9871298c676335d8574cf87",
    "https://deno.land/std@0.156.0/encoding/_yaml/type/function.ts": "b5642dda5ef8d47c0325a2b89a022cbce3be45ba21f8c4f9202364d967c6b3e5",
    "https://deno.land/std@0.156.0/encoding/_yaml/type/int.ts": "166cdd73d9473373e0e65e9f65d5fd8e96cbd303b58535e2ff2e049bb73dbefb",
    "https://deno.land/std@0.156.0/encoding/_yaml/type/map.ts": "78bf5447d2e3f79d59bf7cb63a76ca7797854a0d8e2154c6fd35775c4e5c8c61",
    "https://deno.land/std@0.156.0/encoding/_yaml/type/merge.ts": "094b272e6087c6aef39cd9617fa6603ec934e507faad6c276d293e2734f9b083",
    "https://deno.land/std@0.156.0/encoding/_yaml/type/mod.ts": "b2f267dc0b0296cf8f6109aa129e2cf6d1e1f8c59f8903f0330c18749eca2d3c",
    "https://deno.land/std@0.156.0/encoding/_yaml/type/nil.ts": "1988843acab56e99e883cd047c40cc7fb799b6d335f541f022ae3b914abcbe35",
    "https://deno.land/std@0.156.0/encoding/_yaml/type/omap.ts": "fd3f2f9a8ae634996da84d021353ac8bf4b41e714f2711159d756d0e2f3aabd1",
    "https://deno.land/std@0.156.0/encoding/_yaml/type/pairs.ts": "90736f87b6e39a144205a235d8851f7bebf6bb3835fd03742c30253d5ecd7ec5",
    "https://deno.land/std@0.156.0/encoding/_yaml/type/regexp.ts": "a9e70491fa7ede8689b933d81142aa7635a253733a4df626bd479c55cb64222e",
    "https://deno.land/std@0.156.0/encoding/_yaml/type/seq.ts": "135f37a1b6dcb3688bc0dad0c9dc3a04370b1fc94267960586ea23877ffd3088",
    "https://deno.land/std@0.156.0/encoding/_yaml/type/set.ts": "2937ac0e1ce8c121a4009e74568e341e2a380fdb5f41f16050ce2ca7537b2bd8",
    "https://deno.land/std@0.156.0/encoding/_yaml/type/str.ts": "6420d3a0099d9fbc35861241b7dad65b800ff3909efe71ab71c895326187ab8d",
    "https://deno.land/std@0.156.0/encoding/_yaml/type/timestamp.ts": "3db0667dd9bdc3b3f0e8596fff023e87bc9fca230a545bb67d0bf3b732c1c656",
    "https://deno.land/std@0.156.0/encoding/_yaml/type/undefined.ts": "5b595082d064cf50a3345f5fdda8c02beb0768e9d97d4bd4c53ac81a9f94e185",
    "https://deno.land/std@0.156.0/encoding/_yaml/utils.ts": "c7e6bf055b08fffe700c7cbdfa2939cab7b9676ff75b6dc98d72d41b3b173d37",
    "https://deno.land/std@0.156.0/encoding/yaml.ts": "4c02197eb797e40dfe0720fbe32a9990c935f02cf75b6091b36c0710c3218cf6",
    "https://deno.land/std@0.156.0/fmt/colors.ts": "ff7dc9c9f33a72bd48bc24b21bbc1b4545d8494a431f17894dbc5fe92a938fc4",
    "https://deno.land/std@0.156.0/io/buffer.ts": "fae02290f52301c4e0188670e730cd902f9307fb732d79c4aa14ebdc82497289",
    "https://deno.land/std@0.156.0/io/types.d.ts": "0cae3a62da7a37043661746c65c021058bae020b54e50c0e774916e5d4baee43",
    "https://deno.land/std@0.156.0/testing/_diff.ts": "a23e7fc2b4d8daa3e158fa06856bedf5334ce2a2831e8bf9e509717f455adb2c",
    "https://deno.land/std@0.156.0/testing/_format.ts": "cd11136e1797791045e639e9f0f4640d5b4166148796cad37e6ef75f7d7f3832",
    "https://deno.land/std@0.156.0/testing/asserts.ts": "8696c488bc98d8d175e74dc652a0ffbc7fca93858da01edc57ed33c1148345da",
    "https://raw.githubusercontent.com/karlhulme/dtoasty/v1.0.0/mod.ts": "8950f261c03b03d1474eb7a092ca892fd7b11f84d8e1d9ff6facb7844d685779",
    "https://raw.githubusercontent.com/karlhulme/dtoasty/v1.0.0/src/generator/generateTypescript.ts": "630011efbeb2ad8c314e3cb9e4a081b1a2d9095fffed78cd6d7d041ea0ee2671",
    "https://raw.githubusercontent.com/karlhulme/dtoasty/v1.0.0/src/generator/generateTypescriptComment.ts": "a107b0a967d3899d8d18dd0b02cf7534db6bc147c2d12d05f203830d796994d3",
    "https://raw.githubusercontent.com/karlhulme/dtoasty/v1.0.0/src/generator/generateTypescriptForClass.ts": "c0fa36b36438db123a7ca266c36b509a73cb83142aaba23aa1a5cc8956653886",
    "https://raw.githubusercontent.com/karlhulme/dtoasty/v1.0.0/src/generator/generateTypescriptForClassConstructor.ts": "7317cd7ef97c28969cc224b4f8fe195ba9a6f1654c2d6f5058d409b72d9e2ffd",
    "https://raw.githubusercontent.com/karlhulme/dtoasty/v1.0.0/src/generator/generateTypescriptForClassFunction.ts": "2163f4b565be23bb1d1e66e62d05e67e32a4357a709448327b0df53082433d0c",
    "https://raw.githubusercontent.com/karlhulme/dtoasty/v1.0.0/src/generator/generateTypescriptForConstDeclaration.ts": "09e5c2b5a15d6fe200b6937a048c71ebd3847607aaa8535aed1715a299b90eb7",
    "https://raw.githubusercontent.com/karlhulme/dtoasty/v1.0.0/src/generator/generateTypescriptForEnumConstArray.ts": "eaeb62bce3e6458a314a4d4f2a09140dd1e9706eabc443571314b2ad334afec9",
    "https://raw.githubusercontent.com/karlhulme/dtoasty/v1.0.0/src/generator/generateTypescriptForError.ts": "22c76827e1ce3c030747773387beb60b3116293c1ec30f71b975cb61f387871a",
    "https://raw.githubusercontent.com/karlhulme/dtoasty/v1.0.0/src/generator/generateTypescriptForFunction.ts": "b5a7a64198ac5626692fde708959010b5495bdaf096460f708533648989c9233",
    "https://raw.githubusercontent.com/karlhulme/dtoasty/v1.0.0/src/generator/generateTypescriptForImports.ts": "1a643dee6b23463df28fafcaa2ec0cd7f9ee04515e460b9f554e70f7d995b659",
    "https://raw.githubusercontent.com/karlhulme/dtoasty/v1.0.0/src/generator/generateTypescriptForInterface.ts": "6c89a5c786abc0552492b4402a392a5767a77313ad3bc26fa07f83f00a58aa3e",
    "https://raw.githubusercontent.com/karlhulme/dtoasty/v1.0.0/src/generator/generateTypescriptForLintDirectives.ts": "32f080f9ca2144bf8f337bb9e7b3e9e082a9e3d816409f6f647135c4b251cc65",
    "https://raw.githubusercontent.com/karlhulme/dtoasty/v1.0.0/src/generator/generateTypescriptForStringUnion.ts": "f66edfa1320c885b8431794b0183709339f9b5f095bbd426b867cd6deefc739c",
    "https://raw.githubusercontent.com/karlhulme/dtoasty/v1.0.0/src/generator/generateTypescriptForType.ts": "a94cd3bf9f797ff5d737048b02ddc38a631e1748bfa183cf1be08b8b2b1dfbf6",
    "https://raw.githubusercontent.com/karlhulme/dtoasty/v1.0.0/src/generator/generateTypescriptFunctionComment.ts": "90206c2200be6b4a0c6c9f866d849a7ef11ca4b5d29eecdd21a693486843e035",
    "https://raw.githubusercontent.com/karlhulme/dtoasty/v1.0.0/src/generator/index.ts": "ad8d3110afa11618ba32406f91c2d18d6e55ecb3f3d5ad133c8524608a89bee6",
    "https://raw.githubusercontent.com/karlhulme/dtoasty/v1.0.0/src/generator/newTypescriptTree.ts": "ba0ea0c5e181fc17ae08a9b3979a354551549e85b4504cf82d7a9133d7cdc113",
    "https://raw.githubusercontent.com/karlhulme/dtoasty/v1.0.0/src/index.ts": "d485dbf80f714c7057702fc641e75f66fa49ba26cbc770a1d743016345444cea",
    "https://raw.githubusercontent.com/karlhulme/dtoasty/v1.0.0/src/interfaces/TypescriptTree.ts": "363b5d04fb0230b1e86206d046a81ec1b3be775f56c4501eaa40f0f25030be76",
    "https://raw.githubusercontent.com/karlhulme/dtoasty/v1.0.0/src/interfaces/TypescriptTreeClass.ts": "548ecc9a7409dc6e54adffb653b6655228203f0188a27935e604b30605720843",
    "https://raw.githubusercontent.com/karlhulme/dtoasty/v1.0.0/src/interfaces/TypescriptTreeClassFunction.ts": "db8b2e13c223b83f504a11a69a9425c077376ff16a1e7d7d0e689816650e4f68",
    "https://raw.githubusercontent.com/karlhulme/dtoasty/v1.0.0/src/interfaces/TypescriptTreeConstDeclaration.ts": "88ebb865f4e1fae9d44732f7e9e1379c67add8a4b29abc7bd8d3b39cd0a041d5",
    "https://raw.githubusercontent.com/karlhulme/dtoasty/v1.0.0/src/interfaces/TypescriptTreeEnumConstArray.ts": "fa5225d60fb51797a5caf67dd8a580520876347e7ac3086a38fce778e5d85343",
    "https://raw.githubusercontent.com/karlhulme/dtoasty/v1.0.0/src/interfaces/TypescriptTreeError.ts": "d68ec93ad13c2932b07ccec2146cb3276ce09b5f3253a232c2d5afcb3e5d71b8",
    "https://raw.githubusercontent.com/karlhulme/dtoasty/v1.0.0/src/interfaces/TypescriptTreeFunction.ts": "f36cfc557fb8d717dcbe998dad4028a2f033b4dfeb60b06dc62947bedb6ba60d",
    "https://raw.githubusercontent.com/karlhulme/dtoasty/v1.0.0/src/interfaces/TypescriptTreeImport.ts": "fcdcadc8f218cdcdeb5d2e6954dd88ef76756ddc84993ab2fa1e7f0061bc6c70",
    "https://raw.githubusercontent.com/karlhulme/dtoasty/v1.0.0/src/interfaces/TypescriptTreeInterface.ts": "5834316a6669da4cd83a7861288a7e03b51f4155d89f93b955fd4a39d700f982",
    "https://raw.githubusercontent.com/karlhulme/dtoasty/v1.0.0/src/interfaces/TypescriptTreeLintDirectives.ts": "5032531453f3cd35053f7330b136307fe4d400f9e7f571122ce6a1f910c12ec6",
    "https://raw.githubusercontent.com/karlhulme/dtoasty/v1.0.0/src/interfaces/TypescriptTreeStringUnion.ts": "bd7224b517244ec38643a370abb348c17a327812815a25ff19172ce6488b2f43",
    "https://raw.githubusercontent.com/karlhulme/dtoasty/v1.0.0/src/interfaces/TypescriptTreeType.ts": "05b3e1aa7463b8272ea1ffa6a503e29d6f9c3a3adf766bc602a1419c8dd4ad21",
    "https://raw.githubusercontent.com/karlhulme/dtoasty/v1.0.0/src/interfaces/index.ts": "ca89a5c6b43ccad0b9afbb1b5f658e7493637eb1598f1efae7c0e9861a7f232c"
  }
}
